
Microsoft Visual Studio Solution File, Format Version 12.00
# Visual Studio 15
VisualStudioVersion = 15.0.27102.0
MinimumVisualStudioVersion = 10.0.40219.1
Project("{FAE04EC0-301F-11D3-BF4B-00C04F79EFBC}") = "NetworkCommunicationMonitor", "NetworkCommunicationMonitor\NetworkCommunicationMonitor.csproj", "{61F00731-4DE4-40A5-BFEA-47E856A74211}"
EndProject
Project("{FAE04EC0-301F-11D3-BF4B-00C04F79EFBC}") = "NetworkCommunicationMonitor.Tests", "NetworkCommunicationMonitor.Tests\NetworkCommunicationMonitor.Tests.csproj", "{57E7040B-927D-478F-B11F-87890CB40BF9}"
EndProject
Global
	GlobalSection(SolutionConfigurationPlatforms) = preSolution
		Debug|Any CPU = Debug|Any CPU
		Release|Any CPU = Release|Any CPU
	EndGlobalSection
	GlobalSection(ProjectConfigurationPlatforms) = postSolution
		{61F00731-4DE4-40A5-BFEA-47E856A74211}.Debug|Any CPU.ActiveCfg = Debug|Any CPU
		{61F00731-4DE4-40A5-BFEA-47E856A74211}.Debug|Any CPU.Build.0 = Debug|Any CPU
		{61F00731-4DE4-40A5-BFEA-47E856A74211}.Release|Any CPU.ActiveCfg = Release|Any CPU
		{61F00731-4DE4-40A5-BFEA-47E856A74211}.Release|Any CPU.Build.0 = Release|Any CPU
		{57E7040B-927D-478F-B11F-87890CB40BF9}.Debug|Any CPU.ActiveCfg = Debug|Any CPU
		{57E7040B-927D-478F-B11F-87890CB40BF9}.Debug|Any CPU.Build.0 = Debug|Any CPU
		{57E7040B-927D-478F-B11F-87890CB40BF9}.Release|Any CPU.ActiveCfg = Release|Any CPU
		{57E7040B-927D-478F-B11F-87890CB40BF9}.Release|Any CPU.Build.0 = Release|Any CPU
	EndGlobalSection
	GlobalSection(SolutionProperties) = preSolution
		HideSolutionNode = FALSE
	EndGlobalSection
	GlobalSection(ExtensibilityGlobals) = postSolution
		SolutionGuid = {426D92E6-7151-47F3-9CC2-1F33FADE474D}
	EndGlobalSection
EndGlobal
